<?xml version="1.0" encoding="utf-8"?>
<Project ToolsVersion="4.0" xmlns="http://schemas.microsoft.com/developer/msbuild/2003">
  <ItemGroup>
    <Filter Include="소스 파일">
      <UniqueIdentifier>{4FC737F1-C7A5-4376-A066-2A32D752A2FF}</UniqueIdentifier>
      <Extensions>cpp;c;cc;cxx;c++;cppm;ixx;def;odl;idl;hpj;bat;asm;asmx</Extensions>
    </Filter>
    <Filter Include="헤더 파일">
      <UniqueIdentifier>{93995380-89BD-4b04-88EB-625FBE52EBFB}</UniqueIdentifier>
      <Extensions>h;hh;hpp;hxx;h++;hm;inl;inc;ipp;xsd</Extensions>
    </Filter>
    <Filter Include="리소스 파일">
      <UniqueIdentifier>{67DA6AB6-F800-4c08-8B7A-83BB121AAD01}</UniqueIdentifier>
      <Extensions>rc;ico;cur;bmp;dlg;rc2;rct;bin;rgs;gif;jpg;jpeg;jpe;resx;tiff;tif;png;wav;mfcribbon-ms</Extensions>
    </Filter>
    <Filter Include="barkingdog">
      <UniqueIdentifier>{8291b12c-5697-449d-9446-111353ce0ec8}</UniqueIdentifier>
    </Filter>
    <Filter Include="etc">
      <UniqueIdentifier>{830c585b-72a8-445d-a688-85e49d1bf2f7}</UniqueIdentifier>
    </Filter>
    <Filter Include="bigrock">
      <UniqueIdentifier>{c2e474d4-98fb-4e94-b879-c30b6e56a496}</UniqueIdentifier>
    </Filter>
    <Filter Include="bigrock\1">
      <UniqueIdentifier>{a6bdde62-9add-40dc-bcb5-a7e7affbd82a}</UniqueIdentifier>
    </Filter>
    <Filter Include="bigrock\2">
      <UniqueIdentifier>{34706136-bd06-4d43-8326-0d22a47c08a7}</UniqueIdentifier>
    </Filter>
    <Filter Include="bigrock\7">
      <UniqueIdentifier>{813c4bc0-4e30-406d-b24a-a2072f894fe4}</UniqueIdentifier>
    </Filter>
    <Filter Include="bigrock\2\문제풀이">
      <UniqueIdentifier>{d3835577-fa92-4f79-948a-278832ce575d}</UniqueIdentifier>
    </Filter>
  </ItemGroup>
  <ItemGroup>
    <ClCompile Include="barkingdog0x00.cpp">
      <Filter>barkingdog</Filter>
    </ClCompile>
    <ClCompile Include="header.h">
      <Filter>소스 파일</Filter>
    </ClCompile>
    <ClCompile Include="psum_ex.cpp">
      <Filter>etc</Filter>
    </ClCompile>
    <ClCompile Include="1_A.cpp">
      <Filter>bigrock\1</Filter>
    </ClCompile>
    <ClCompile Include="2-ex1.cpp">
      <Filter>bigrock\2</Filter>
    </ClCompile>
    <ClCompile Include="2_ex2.cpp">
      <Filter>bigrock\2</Filter>
    </ClCompile>
    <ClCompile Include="BFS.cpp">
      <Filter>소스 파일</Filter>
    </ClCompile>
    <ClCompile Include="DFS.cpp">
      <Filter>소스 파일</Filter>
    </ClCompile>
    <ClCompile Include="승원이.cpp">
      <Filter>소스 파일</Filter>
    </ClCompile>
    <ClCompile Include="종화.cpp">
      <Filter>소스 파일</Filter>
    </ClCompile>
    <ClCompile Include="dp.cpp">
      <Filter>bigrock\7</Filter>
    </ClCompile>
    <ClCompile Include="dp2.cpp">
      <Filter>bigrock\7</Filter>
    </ClCompile>
    <ClCompile Include="그리디_ex2.cpp">
      <Filter>bigrock\7</Filter>
    </ClCompile>
    <ClCompile Include="2-A.cpp">
      <Filter>bigrock\2\문제풀이</Filter>
    </ClCompile>
    <ClCompile Include="2-B.cpp">
      <Filter>bigrock\2\문제풀이</Filter>
    </ClCompile>
    <ClCompile Include="2_C.cpp">
      <Filter>bigrock\2\문제풀이</Filter>
    </ClCompile>
    <ClCompile Include="2-D.cpp">
      <Filter>bigrock\2\문제풀이</Filter>
    </ClCompile>
    <ClCompile Include="2_E.cpp">
      <Filter>bigrock\2\문제풀이</Filter>
    </ClCompile>
  </ItemGroup>
</Project>